// !$*UTF8*$!
{
	archiveVersion = 1;
	classes = {
	};
	objectVersion = 77;
	objects = {

/* Begin PBXBuildFile section */
		F05C72362E9D688C00C13AEC /* DeboogeyCDMHelper in Resources */ = {isa = PBXBuildFile; fileRef = F05C722D2E9D687A00C13AEC /* DeboogeyCDMHelper */; };
		F06E45F230042EF100E4C289 /* DeboogeyLoupe in Resources */ = {isa = PBXBuildFile; fileRef = F06E45E530042E6400E4C289 /* DeboogeyLoupe */; };
		F07EDA9B2E9CC6EC00AE8D4A /* DeboogeySDHelper in Resources */ = {isa = PBXBuildFile; fileRef = F07EDA942E9CC69200AE8D4A /* DeboogeySDHelper */; };
		F0ACE0013021B00000ACE001 /* DeboogeyLoupeMCE in Copy MCE Executables */ = {isa = PBXBuildFile; fileRef = F0ACE0023021B00000ACE001 /* DeboogeyLoupeMCE */; settings = {ATTRIBUTES = (CodeSignOnCopy, ); }; };
		F0CD00013021C00000CD0001 /* DeboogeyCDMHelperMCE in Copy MCE Executables */ = {isa = PBXBuildFile; fileRef = F0CD00043021C00000CD0004 /* DeboogeyCDMHelperMCE */; settings = {ATTRIBUTES = (CodeSignOnCopy, ); }; };
/* End PBXBuildFile section */

/* Begin PBXContainerItemProxy section */
		F05C72342E9D688300C13AEC /* PBXContainerItemProxy */ = {
			isa = PBXContainerItemProxy;
			containerPortal = F07EDA7A2E9CC3B200AE8D4A /* Project object */;
			proxyType = 1;
			remoteGlobalIDString = F05C722C2E9D687A00C13AEC;
			remoteInfo = DeboogeyCDMHelper;
		};
		F06E45F030042EE800E4C289 /* PBXContainerItemProxy */ = {
			isa = PBXContainerItemProxy;
			containerPortal = F07EDA7A2E9CC3B200AE8D4A /* Project object */;
			proxyType = 1;
			remoteGlobalIDString = F06E45E430042E6400E4C289;
			remoteInfo = DeboogeyLoupe;
		};
		F0A6F90C2E9CCF8400AFAC9F /* PBXContainerItemProxy */ = {
			isa = PBXContainerItemProxy;
			containerPortal = F07EDA7A2E9CC3B200AE8D4A /* Project object */;
			proxyType = 1;
			remoteGlobalIDString = F07EDA932E9CC69200AE8D4A;
			remoteInfo = DeboogeySDHelper;
		};
		F0ACE0033021B00000ACE001 /* PBXContainerItemProxy */ = {
			isa = PBXContainerItemProxy;
			containerPortal = F07EDA7A2E9CC3B200AE8D4A /* Project object */;
			proxyType = 1;
			remoteGlobalIDString = F0ACE0043021B00000ACE001;
			remoteInfo = DeboogeyLoupeMCE;
		};
		F0CD00023021C00000CD0002 /* PBXContainerItemProxy */ = {
			isa = PBXContainerItemProxy;
			containerPortal = F07EDA7A2E9CC3B200AE8D4A /* Project object */;
			proxyType = 1;
			remoteGlobalIDString = F0CD00063021C00000CD0006;
			remoteInfo = DeboogeyCDMHelperMCE;
		};
/* End PBXContainerItemProxy section */

/* Begin PBXCopyFilesBuildPhase section */
		F05C722B2E9D687A00C13AEC /* CopyFiles */ = {
			isa = PBXCopyFilesBuildPhase;
			buildActionMask = 2147483647;
			dstPath = /usr/share/man/man1/;
			dstSubfolderSpec = 0;
			files = (
			);
			runOnlyForDeploymentPostprocessing = 1;
		};
		F06E45E330042E6400E4C289 /* CopyFiles */ = {
			isa = PBXCopyFilesBuildPhase;
			buildActionMask = 2147483647;
			dstPath = /usr/share/man/man1/;
			dstSubfolderSpec = 0;
			files = (
			);
			runOnlyForDeploymentPostprocessing = 1;
		};
		F07EDA922E9CC69200AE8D4A /* CopyFiles */ = {
			isa = PBXCopyFilesBuildPhase;
			buildActionMask = 2147483647;
			dstPath = /usr/share/man/man1/;
			dstSubfolderSpec = 0;
			files = (
			);
			runOnlyForDeploymentPostprocessing = 1;
		};
		F0ACE0053021B00000ACE001 /* Copy MCE Executables */ = {
			isa = PBXCopyFilesBuildPhase;
			buildActionMask = 2147483647;
			dstPath = "";
			dstSubfolderSpec = 6;
			files = (
				F0ACE0013021B00000ACE001 /* DeboogeyLoupeMCE in Copy MCE Executables */,
				F0CD00013021C00000CD0001 /* DeboogeyCDMHelperMCE in Copy MCE Executables */,
			);
			name = "Copy MCE Executables";
			runOnlyForDeploymentPostprocessing = 0;
		};
		F0ACE00C3021B00000ACE001 /* CopyFiles */ = {
			isa = PBXCopyFilesBuildPhase;
			buildActionMask = 2147483647;
			dstPath = /usr/share/man/man1/;
			dstSubfolderSpec = 0;
			files = (
			);
			runOnlyForDeploymentPostprocessing = 1;
		};
		F0CD00093021C00000CD0009 /* CopyFiles */ = {
			isa = PBXCopyFilesBuildPhase;
			buildActionMask = 2147483647;
			dstPath = /usr/share/man/man1/;
			dstSubfolderSpec = 0;
			files = (
			);
			runOnlyForDeploymentPostprocessing = 1;
		};
/* End PBXCopyFilesBuildPhase section */

/* Begin PBXFileReference section */
		F05C722D2E9D687A00C13AEC /* DeboogeyCDMHelper */ = {isa = PBXFileReference; explicitFileType = "compiled.mach-o.executable"; includeInIndex = 0; path = DeboogeyCDMHelper; sourceTree = BUILT_PRODUCTS_DIR; };
		F06E45E530042E6400E4C289 /* DeboogeyLoupe */ = {isa = PBXFileReference; explicitFileType = "compiled.mach-o.executable"; includeInIndex = 0; path = DeboogeyLoupe; sourceTree = BUILT_PRODUCTS_DIR; };
		F07EDA822E9CC3B200AE8D4A /* DeboogeyClient.app */ = {isa = PBXFileReference; explicitFileType = wrapper.application; includeInIndex = 0; path = DeboogeyClient.app; sourceTree = BUILT_PRODUCTS_DIR; };
		F07EDA942E9CC69200AE8D4A /* DeboogeySDHelper */ = {isa = PBXFileReference; explicitFileType = "compiled.mach-o.executable"; includeInIndex = 0; path = DeboogeySDHelper; sourceTree = BUILT_PRODUCTS_DIR; };
		F0ACE0023021B00000ACE001 /* DeboogeyLoupeMCE */ = {isa = PBXFileReference; explicitFileType = "compiled.mach-o.executable"; includeInIndex = 0; path = DeboogeyLoupeMCE; sourceTree = BUILT_PRODUCTS_DIR; };
		F0ACE0063021B00000ACE001 /* Deboogey.app */ = {isa = PBXFileReference; explicitFileType = wrapper.application; includeInIndex = 0; path = Deboogey.app; sourceTree = BUILT_PRODUCTS_DIR; };
		F0CD00043021C00000CD0004 /* DeboogeyCDMHelperMCE */ = {isa = PBXFileReference; explicitFileType = "compiled.mach-o.executable"; includeInIndex = 0; path = DeboogeyCDMHelperMCE; sourceTree = BUILT_PRODUCTS_DIR; };
/* End PBXFileReference section */

/* Begin PBXFileSystemSynchronizedBuildFileExceptionSet section */
		F06E45EF30042EA300E4C289 /* Exceptions for "Helpers" folder in "DeboogeyLoupe" target */ = {
			isa = PBXFileSystemSynchronizedBuildFileExceptionSet;
			membershipExceptions = (
				DeboogeyLoupe/main.swift,
			);
			target = F06E45E430042E6400E4C289 /* DeboogeyLoupe */;
		};
		F092A1692FE2DED200178A03 /* Exceptions for "Helpers" folder in "DeboogeyClient" target */ = {
			isa = PBXFileSystemSynchronizedBuildFileExceptionSet;
			membershipExceptions = (
				DeboogeyCDMHelper/main.swift,
				DeboogeyLoupe/main.swift,
				DeboogeySDHelper/main.swift,
			);
			target = F07EDA812E9CC3B200AE8D4A /* DeboogeyClient */;
		};
		F092A16A2FE2DED200178A03 /* Exceptions for "Helpers" folder in "DeboogeySDHelper" target */ = {
			isa = PBXFileSystemSynchronizedBuildFileExceptionSet;
			membershipExceptions = (
				DeboogeySDHelper/main.swift,
			);
			target = F07EDA932E9CC69200AE8D4A /* DeboogeySDHelper */;
		};
		F092A16B2FE2DED200178A03 /* Exceptions for "Helpers" folder in "DeboogeyCDMHelper" target */ = {
			isa = PBXFileSystemSynchronizedBuildFileExceptionSet;
			membershipExceptions = (
				DeboogeyCDMHelper/main.swift,
			);
			target = F05C722C2E9D687A00C13AEC /* DeboogeyCDMHelper */;
		};
		F0ACE0073021B00000ACE001 /* Exceptions for "DeboogeyClient" folder in "DeboogeyClient" target */ = {
			isa = PBXFileSystemSynchronizedBuildFileExceptionSet;
			membershipExceptions = (
				AppIconOld.icon,
				MCE/DeboogeyClientMCE.swift,
			);
			target = F07EDA812E9CC3B200AE8D4A /* DeboogeyClient */;
		};
		F0ACE0083021B00000ACE001 /* Exceptions for "DeboogeyClient" folder in "DeboogeyClientMCE" target */ = {
			isa = PBXFileSystemSynchronizedBuildFileExceptionSet;
			membershipExceptions = (
				AppIcon.icon,
				Dependencies/DeboogeySDLauncher.swift,
				NetworkMonitor.swift,
				Root.swift,
				UpgradeChecker.swift,
				Views/DeboogeySDLauncherView.swift,
			);
			target = F0ACE0093021B00000ACE001 /* DeboogeyClientMCE */;
		};
		F0ACE00A3021B00000ACE001 /* Exceptions for "Helpers" folder in "DeboogeyClientMCE" target */ = {
			isa = PBXFileSystemSynchronizedBuildFileExceptionSet;
			membershipExceptions = (
				DeboogeyCDMHelper/main.swift,
				DeboogeyLoupe/main.swift,
				DeboogeySDHelper/main.swift,
			);
			target = F0ACE0093021B00000ACE001 /* DeboogeyClientMCE */;
		};
		F0ACE00B3021B00000ACE001 /* Exceptions for "Helpers" folder in "DeboogeyLoupeMCE" target */ = {
			isa = PBXFileSystemSynchronizedBuildFileExceptionSet;
			membershipExceptions = (
				DeboogeyLoupe/main.swift,
			);
			target = F0ACE0043021B00000ACE001 /* DeboogeyLoupeMCE */;
		};
		F0CD00053021C00000CD0005 /* Exceptions for "Helpers" folder in "DeboogeyCDMHelperMCE" target */ = {
			isa = PBXFileSystemSynchronizedBuildFileExceptionSet;
			membershipExceptions = (
				DeboogeyLoupe/main.swift,
				DeboogeySDHelper/main.swift,
			);
			target = F0CD00063021C00000CD0006 /* DeboogeyCDMHelperMCE */;
		};
/* End PBXFileSystemSynchronizedBuildFileExceptionSet section */

/* Begin PBXFileSystemSynchronizedRootGroup section */
		F07EDA842E9CC3B200AE8D4A /* DeboogeyClient */ = {
			isa = PBXFileSystemSynchronizedRootGroup;
			exceptions = (
				F0ACE0073021B00000ACE001 /* Exceptions for "DeboogeyClient" folder in "DeboogeyClient" target */,
				F0ACE0083021B00000ACE001 /* Exceptions for "DeboogeyClient" folder in "DeboogeyClientMCE" target */,
			);
			path = DeboogeyClient;
			sourceTree = "<group>";
		};
		F092A1622FE2DECC00178A03 /* Helpers */ = {
			isa = PBXFileSystemSynchronizedRootGroup;
			exceptions = (
				F092A1692FE2DED200178A03 /* Exceptions for "Helpers" folder in "DeboogeyClient" target */,
				F0ACE00A3021B00000ACE001 /* Exceptions for "Helpers" folder in "DeboogeyClientMCE" target */,
				F06E45EF30042EA300E4C289 /* Exceptions for "Helpers" folder in "DeboogeyLoupe" target */,
				F092A16B2FE2DED200178A03 /* Exceptions for "Helpers" folder in "DeboogeyCDMHelper" target */,
				F092A16A2FE2DED200178A03 /* Exceptions for "Helpers" folder in "DeboogeySDHelper" target */,
				F0ACE00B3021B00000ACE001 /* Exceptions for "Helpers" folder in "DeboogeyLoupeMCE" target */,
				F0CD00053021C00000CD0005 /* Exceptions for "Helpers" folder in "DeboogeyCDMHelperMCE" target */,
			);
			path = Helpers;
			sourceTree = "<group>";
		};
/* End PBXFileSystemSynchronizedRootGroup section */

/* Begin PBXFrameworksBuildPhase section */
		F05C722A2E9D687A00C13AEC /* Frameworks */ = {
			isa = PBXFrameworksBuildPhase;
			buildActionMask = 2147483647;
			files = (
			);
			runOnlyForDeploymentPostprocessing = 0;
		};
		F06E45E230042E6400E4C289 /* Frameworks */ = {
			isa = PBXFrameworksBuildPhase;
			buildActionMask = 2147483647;
			files = (
			);
			runOnlyForDeploymentPostprocessing = 0;
		};
		F07EDA7F2E9CC3B200AE8D4A /* Frameworks */ = {
			isa = PBXFrameworksBuildPhase;
			buildActionMask = 2147483647;
			files = (
			);
			runOnlyForDeploymentPostprocessing = 0;
		};
		F07EDA912E9CC69200AE8D4A /* Frameworks */ = {
			isa = PBXFrameworksBuildPhase;
			buildActionMask = 2147483647;
			files = (
			);
			runOnlyForDeploymentPostprocessing = 0;
		};
		F0ACE00D3021B00000ACE001 /* Frameworks */ = {
			isa = PBXFrameworksBuildPhase;
			buildActionMask = 2147483647;
			files = (
			);
			runOnlyForDeploymentPostprocessing = 0;
		};
		F0ACE00E3021B00000ACE001 /* Frameworks */ = {
			isa = PBXFrameworksBuildPhase;
			buildActionMask = 2147483647;
			files = (
			);
			runOnlyForDeploymentPostprocessing = 0;
		};
		F0CD00083021C00000CD0008 /* Frameworks */ = {
			isa = PBXFrameworksBuildPhase;
			buildActionMask = 2147483647;
			files = (
			);
			runOnlyForDeploymentPostprocessing = 0;
		};
/* End PBXFrameworksBuildPhase section */

/* Begin PBXGroup section */
		F07EDA792E9CC3B200AE8D4A = {
			isa = PBXGroup;
			children = (
				F092A1622FE2DECC00178A03 /* Helpers */,
				F07EDA842E9CC3B200AE8D4A /* DeboogeyClient */,
				F07EDA832E9CC3B200AE8D4A /* Products */,
			);
			sourceTree = "<group>";
		};
		F07EDA832E9CC3B200AE8D4A /* Products */ = {
			isa = PBXGroup;
			children = (
				F0ACE0063021B00000ACE001 /* Deboogey.app */,
				F0ACE0023021B00000ACE001 /* DeboogeyLoupeMCE */,
				F0CD00043021C00000CD0004 /* DeboogeyCDMHelperMCE */,
				F07EDA822E9CC3B200AE8D4A /* DeboogeyClient.app */,
				F07EDA942E9CC69200AE8D4A /* DeboogeySDHelper */,
				F05C722D2E9D687A00C13AEC /* DeboogeyCDMHelper */,
				F06E45E530042E6400E4C289 /* DeboogeyLoupe */,
			);
			name = Products;
			sourceTree = "<group>";
		};
/* End PBXGroup section */

/* Begin PBXNativeTarget section */
		F05C722C2E9D687A00C13AEC /* DeboogeyCDMHelper */ = {
			isa = PBXNativeTarget;
			buildConfigurationList = F05C72332E9D687A00C13AEC /* Build configuration list for PBXNativeTarget "DeboogeyCDMHelper" */;
			buildPhases = (
				F05C72292E9D687A00C13AEC /* Sources */,
				F05C722A2E9D687A00C13AEC /* Frameworks */,
				F05C722B2E9D687A00C13AEC /* CopyFiles */,
			);
			buildRules = (
			);
			dependencies = (
			);
			name = DeboogeyCDMHelper;
			packageProductDependencies = (
			);
			productName = DeboogeyCDMHelper;
			productReference = F05C722D2E9D687A00C13AEC /* DeboogeyCDMHelper */;
			productType = "com.apple.product-type.tool";
		};
		F06E45E430042E6400E4C289 /* DeboogeyLoupe */ = {
			isa = PBXNativeTarget;
			buildConfigurationList = F06E45E930042E6400E4C289 /* Build configuration list for PBXNativeTarget "DeboogeyLoupe" */;
			buildPhases = (
				F06E45E130042E6400E4C289 /* Sources */,
				F06E45E230042E6400E4C289 /* Frameworks */,
				F06E45E330042E6400E4C289 /* CopyFiles */,
			);
			buildRules = (
			);
			dependencies = (
			);
			name = DeboogeyLoupe;
			packageProductDependencies = (
			);
			productName = DeboogeyLoupe;
			productReference = F06E45E530042E6400E4C289 /* DeboogeyLoupe */;
			productType = "com.apple.product-type.tool";
		};
		F07EDA812E9CC3B200AE8D4A /* DeboogeyClient */ = {
			isa = PBXNativeTarget;
			buildConfigurationList = F07EDA8D2E9CC3B300AE8D4A /* Build configuration list for PBXNativeTarget "DeboogeyClient" */;
			buildPhases = (
				F07EDA7E2E9CC3B200AE8D4A /* Sources */,
				F07EDA7F2E9CC3B200AE8D4A /* Frameworks */,
				F07EDA802E9CC3B200AE8D4A /* Resources */,
			);
			buildRules = (
			);
			dependencies = (
				F06E45F130042EE800E4C289 /* PBXTargetDependency */,
				F05C72352E9D688300C13AEC /* PBXTargetDependency */,
				F0A6F90D2E9CCF8400AFAC9F /* PBXTargetDependency */,
			);
			fileSystemSynchronizedGroups = (
				F07EDA842E9CC3B200AE8D4A /* DeboogeyClient */,
				F092A1622FE2DECC00178A03 /* Helpers */,
			);
			name = DeboogeyClient;
			packageProductDependencies = (
			);
			productName = DeboogeyClient;
			productReference = F07EDA822E9CC3B200AE8D4A /* DeboogeyClient.app */;
			productType = "com.apple.product-type.application";
		};
		F07EDA932E9CC69200AE8D4A /* DeboogeySDHelper */ = {
			isa = PBXNativeTarget;
			buildConfigurationList = F07EDA982E9CC69200AE8D4A /* Build configuration list for PBXNativeTarget "DeboogeySDHelper" */;
			buildPhases = (
				F07EDA902E9CC69200AE8D4A /* Sources */,
				F07EDA912E9CC69200AE8D4A /* Frameworks */,
				F07EDA922E9CC69200AE8D4A /* CopyFiles */,
			);
			buildRules = (
			);
			dependencies = (
			);
			name = DeboogeySDHelper;
			packageProductDependencies = (
			);
			productName = DeboogeySDHelper;
			productReference = F07EDA942E9CC69200AE8D4A /* DeboogeySDHelper */;
			productType = "com.apple.product-type.tool";
		};
		F0ACE0043021B00000ACE001 /* DeboogeyLoupeMCE */ = {
			isa = PBXNativeTarget;
			buildConfigurationList = F0ACE00F3021B00000ACE001 /* Build configuration list for PBXNativeTarget "DeboogeyLoupeMCE" */;
			buildPhases = (
				F0ACE0103021B00000ACE001 /* Sources */,
				F0ACE00E3021B00000ACE001 /* Frameworks */,
				F0ACE00C3021B00000ACE001 /* CopyFiles */,
			);
			buildRules = (
			);
			dependencies = (
			);
			name = DeboogeyLoupeMCE;
			packageProductDependencies = (
			);
			productName = DeboogeyLoupeMCE;
			productReference = F0ACE0023021B00000ACE001 /* DeboogeyLoupeMCE */;
			productType = "com.apple.product-type.tool";
		};
		F0ACE0093021B00000ACE001 /* DeboogeyClientMCE */ = {
			isa = PBXNativeTarget;
			buildConfigurationList = F0ACE0113021B00000ACE001 /* Build configuration list for PBXNativeTarget "DeboogeyClientMCE" */;
			buildPhases = (
				F0ACE0123021B00000ACE001 /* Sources */,
				F0ACE00D3021B00000ACE001 /* Frameworks */,
				F0ACE0133021B00000ACE001 /* Resources */,
				F0ACE0053021B00000ACE001 /* Copy MCE Executables */,
			);
			buildRules = (
			);
			dependencies = (
				F0ACE0143021B00000ACE001 /* PBXTargetDependency */,
				F0CD000A3021C00000CD000A /* PBXTargetDependency */,
			);
			fileSystemSynchronizedGroups = (
				F07EDA842E9CC3B200AE8D4A /* DeboogeyClient */,
				F092A1622FE2DECC00178A03 /* Helpers */,
			);
			name = DeboogeyClientMCE;
			packageProductDependencies = (
			);
			productName = DeboogeyClientMCE;
			productReference = F0ACE0063021B00000ACE001 /* Deboogey.app */;
			productType = "com.apple.product-type.application";
		};
		F0CD00063021C00000CD0006 /* DeboogeyCDMHelperMCE */ = {
			isa = PBXNativeTarget;
			buildConfigurationList = F0CD000D3021C00000CD000D /* Build configuration list for PBXNativeTarget "DeboogeyCDMHelperMCE" */;
			buildPhases = (
				F0CD00073021C00000CD0007 /* Sources */,
				F0CD00083021C00000CD0008 /* Frameworks */,
				F0CD00093021C00000CD0009 /* CopyFiles */,
			);
			buildRules = (
			);
			dependencies = (
			);
			fileSystemSynchronizedGroups = (
				F092A1622FE2DECC00178A03 /* Helpers */,
			);
			name = DeboogeyCDMHelperMCE;
			packageProductDependencies = (
			);
			productName = DeboogeyCDMHelperMCE;
			productReference = F0CD00043021C00000CD0004 /* DeboogeyCDMHelperMCE */;
			productType = "com.apple.product-type.tool";
		};
/* End PBXNativeTarget section */

/* Begin PBXProject section */
		F07EDA7A2E9CC3B200AE8D4A /* Project object */ = {
			isa = PBXProject;
			attributes = {
				BuildIndependentTargetsInParallel = 1;
				LastSwiftUpdateCheck = 2700;
				LastUpgradeCheck = 2610;
				TargetAttributes = {
					F05C722C2E9D687A00C13AEC = {
						CreatedOnToolsVersion = 26.1;
					};
					F06E45E430042E6400E4C289 = {
						CreatedOnToolsVersion = 27.0;
					};
					F07EDA812E9CC3B200AE8D4A = {
						CreatedOnToolsVersion = 26.1;
					};
					F07EDA932E9CC69200AE8D4A = {
						CreatedOnToolsVersion = 26.1;
					};
					F0ACE0043021B00000ACE001 = {
						CreatedOnToolsVersion = 27.0;
					};
					F0ACE0093021B00000ACE001 = {
						CreatedOnToolsVersion = 27.0;
					};
				};
			};
			buildConfigurationList = F07EDA7D2E9CC3B200AE8D4A /* Build configuration list for PBXProject "Deboogey" */;
			developmentRegion = "en-GB";
			hasScannedForEncodings = 0;
			knownRegions = (
				"en-GB",
				fr,
				Base,
			);
			mainGroup = F07EDA792E9CC3B200AE8D4A;
			minimizedProjectReferenceProxies = 1;
			packageReferences = (
			);
			preferredProjectObjectVersion = 77;
			productRefGroup = F07EDA832E9CC3B200AE8D4A /* Products */;
			projectDirPath = "";
			projectRoot = "";
			targets = (
				F07EDA812E9CC3B200AE8D4A /* DeboogeyClient */,
				F0ACE0093021B00000ACE001 /* DeboogeyClientMCE */,
				F06E45E430042E6400E4C289 /* DeboogeyLoupe */,
				F05C722C2E9D687A00C13AEC /* DeboogeyCDMHelper */,
				F07EDA932E9CC69200AE8D4A /* DeboogeySDHelper */,
				F0ACE0043021B00000ACE001 /* DeboogeyLoupeMCE */,
				F0CD00063021C00000CD0006 /* DeboogeyCDMHelperMCE */,
			);
		};
/* End PBXProject section */

/* Begin PBXResourcesBuildPhase section */
		F07EDA802E9CC3B200AE8D4A /* Resources */ = {
			isa = PBXResourcesBuildPhase;
			buildActionMask = 2147483647;
			files = (
				F06E45F230042EF100E4C289 /* DeboogeyLoupe in Resources */,
				F05C72362E9D688C00C13AEC /* DeboogeyCDMHelper in Resources */,
				F07EDA9B2E9CC6EC00AE8D4A /* DeboogeySDHelper in Resources */,
			);
			runOnlyForDeploymentPostprocessing = 0;
		};
		F0ACE0133021B00000ACE001 /* Resources */ = {
			isa = PBXResourcesBuildPhase;
			buildActionMask = 2147483647;
			files = (
			);
			runOnlyForDeploymentPostprocessing = 0;
		};
/* End PBXResourcesBuildPhase section */

/* Begin PBXSourcesBuildPhase section */
		F05C72292E9D687A00C13AEC /* Sources */ = {
			isa = PBXSourcesBuildPhase;
			buildActionMask = 2147483647;
			files = (
			);
			runOnlyForDeploymentPostprocessing = 0;
		};
		F06E45E130042E6400E4C289 /* Sources */ = {
			isa = PBXSourcesBuildPhase;
			buildActionMask = 2147483647;
			files = (
			);
			runOnlyForDeploymentPostprocessing = 0;
		};
		F07EDA7E2E9CC3B200AE8D4A /* Sources */ = {
			isa = PBXSourcesBuildPhase;
			buildActionMask = 2147483647;
			files = (
			);
			runOnlyForDeploymentPostprocessing = 0;
		};
		F07EDA902E9CC69200AE8D4A /* Sources */ = {
			isa = PBXSourcesBuildPhase;
			buildActionMask = 2147483647;
			files = (
			);
			runOnlyForDeploymentPostprocessing = 0;
		};
		F0ACE0103021B00000ACE001 /* Sources */ = {
			isa = PBXSourcesBuildPhase;
			buildActionMask = 2147483647;
			files = (
			);
			runOnlyForDeploymentPostprocessing = 0;
		};
		F0ACE0123021B00000ACE001 /* Sources */ = {
			isa = PBXSourcesBuildPhase;
			buildActionMask = 2147483647;
			files = (
			);
			runOnlyForDeploymentPostprocessing = 0;
		};
		F0CD00073021C00000CD0007 /* Sources */ = {
			isa = PBXSourcesBuildPhase;
			buildActionMask = 2147483647;
			files = (
			);
			runOnlyForDeploymentPostprocessing = 0;
		};
/* End PBXSourcesBuildPhase section */

/* Begin PBXTargetDependency section */
		F05C72352E9D688300C13AEC /* PBXTargetDependency */ = {
			isa = PBXTargetDependency;
			target = F05C722C2E9D687A00C13AEC /* DeboogeyCDMHelper */;
			targetProxy = F05C72342E9D688300C13AEC /* PBXContainerItemProxy */;
		};
		F06E45F130042EE800E4C289 /* PBXTargetDependency */ = {
			isa = PBXTargetDependency;
			target = F06E45E430042E6400E4C289 /* DeboogeyLoupe */;
			targetProxy = F06E45F030042EE800E4C289 /* PBXContainerItemProxy */;
		};
		F0A6F90D2E9CCF8400AFAC9F /* PBXTargetDependency */ = {
			isa = PBXTargetDependency;
			target = F07EDA932E9CC69200AE8D4A /* DeboogeySDHelper */;
			targetProxy = F0A6F90C2E9CCF8400AFAC9F /* PBXContainerItemProxy */;
		};
		F0ACE0143021B00000ACE001 /* PBXTargetDependency */ = {
			isa = PBXTargetDependency;
			target = F0ACE0043021B00000ACE001 /* DeboogeyLoupeMCE */;
			targetProxy = F0ACE0033021B00000ACE001 /* PBXContainerItemProxy */;
		};
		F0CD000A3021C00000CD000A /* PBXTargetDependency */ = {
			isa = PBXTargetDependency;
			target = F0CD00063021C00000CD0006 /* DeboogeyCDMHelperMCE */;
			targetProxy = F0CD00023021C00000CD0002 /* PBXContainerItemProxy */;
		};
/* End PBXTargetDependency section */

/* Begin XCBuildConfiguration section */
		F05C72312E9D687A00C13AEC /* Debug */ = {
			isa = XCBuildConfiguration;
			buildSettings = {
				AUTOMATION_APPLE_EVENTS = NO;
				"CODE_SIGN_IDENTITY[sdk=macosx*]" = "Apple Development";
				CODE_SIGN_STYLE = Automatic;
				DEVELOPMENT_TEAM = 7Z88K9GUU8;
				ENABLE_HARDENED_RUNTIME = NO;
				ENABLE_RESOURCE_ACCESS_AUDIO_INPUT = NO;
				ENABLE_RESOURCE_ACCESS_CALENDARS = NO;
				ENABLE_RESOURCE_ACCESS_CAMERA = NO;
				ENABLE_RESOURCE_ACCESS_CONTACTS = NO;
				ENABLE_RESOURCE_ACCESS_LOCATION = NO;
				ENABLE_RESOURCE_ACCESS_PHOTO_LIBRARY = NO;
				MACOSX_DEPLOYMENT_TARGET = 12.0;
				PRODUCT_BUNDLE_IDENTIFIER = theoderoy.DeboogeyCDMHelper;
				PRODUCT_NAME = "$(TARGET_NAME)";
				RUNTIME_EXCEPTION_ALLOW_DYLD_ENVIRONMENT_VARIABLES = NO;
				RUNTIME_EXCEPTION_ALLOW_JIT = NO;
				RUNTIME_EXCEPTION_ALLOW_UNSIGNED_EXECUTABLE_MEMORY = NO;
				RUNTIME_EXCEPTION_DEBUGGING_TOOL = NO;
				RUNTIME_EXCEPTION_DISABLE_EXECUTABLE_PAGE_PROTECTION = NO;
				RUNTIME_EXCEPTION_DISABLE_LIBRARY_VALIDATION = NO;
				SKIP_INSTALL = YES;
				SWIFT_APPROACHABLE_CONCURRENCY = YES;
				SWIFT_UPCOMING_FEATURE_MEMBER_IMPORT_VISIBILITY = YES;
				SWIFT_VERSION = 5.0;
			};
			name = Debug;
		};
		F05C72322E9D687A00C13AEC /* Release */ = {
			isa = XCBuildConfiguration;
			buildSettings = {
				AUTOMATION_APPLE_EVENTS = NO;
				"CODE_SIGN_IDENTITY[sdk=macosx*]" = "Apple Development";
				CODE_SIGN_STYLE = Automatic;
				DEVELOPMENT_TEAM = 7Z88K9GUU8;
				ENABLE_HARDENED_RUNTIME = YES;
				ENABLE_RESOURCE_ACCESS_AUDIO_INPUT = NO;
				ENABLE_RESOURCE_ACCESS_CALENDARS = NO;
				ENABLE_RESOURCE_ACCESS_CAMERA = NO;
				ENABLE_RESOURCE_ACCESS_CONTACTS = NO;
				ENABLE_RESOURCE_ACCESS_LOCATION = NO;
				ENABLE_RESOURCE_ACCESS_PHOTO_LIBRARY = NO;
				MACOSX_DEPLOYMENT_TARGET = 12.0;
				PRODUCT_BUNDLE_IDENTIFIER = theoderoy.DeboogeyCDMHelper;
				PRODUCT_NAME = "$(TARGET_NAME)";
				RUNTIME_EXCEPTION_ALLOW_DYLD_ENVIRONMENT_VARIABLES = NO;
				RUNTIME_EXCEPTION_ALLOW_JIT = NO;
				RUNTIME_EXCEPTION_ALLOW_UNSIGNED_EXECUTABLE_MEMORY = NO;
				RUNTIME_EXCEPTION_DEBUGGING_TOOL = NO;
				RUNTIME_EXCEPTION_DISABLE_EXECUTABLE_PAGE_PROTECTION = NO;
				RUNTIME_EXCEPTION_DISABLE_LIBRARY_VALIDATION = NO;
				SKIP_INSTALL = YES;
				SWIFT_APPROACHABLE_CONCURRENCY = YES;
				SWIFT_UPCOMING_FEATURE_MEMBER_IMPORT_VISIBILITY = YES;
				SWIFT_VERSION = 5.0;
			};
			name = Release;
		};
		F06E45EA30042E6400E4C289 /* Debug */ = {
			isa = XCBuildConfiguration;
			buildSettings = {
				AUTOMATION_APPLE_EVENTS = NO;
				"CODE_SIGN_IDENTITY[sdk=macosx*]" = "Apple Development";
				CODE_SIGN_STYLE = Automatic;
				DEVELOPMENT_TEAM = 7Z88K9GUU8;
				ENABLE_HARDENED_RUNTIME = YES;
				ENABLE_RESOURCE_ACCESS_AUDIO_INPUT = NO;
				ENABLE_RESOURCE_ACCESS_CALENDARS = NO;
				ENABLE_RESOURCE_ACCESS_CAMERA = NO;
				ENABLE_RESOURCE_ACCESS_CONTACTS = NO;
				ENABLE_RESOURCE_ACCESS_LOCATION = NO;
				ENABLE_RESOURCE_ACCESS_PHOTO_LIBRARY = NO;
				MACOSX_DEPLOYMENT_TARGET = 12.0;
				PRODUCT_BUNDLE_IDENTIFIER = theoderoy.DeboogeyLoupe;
				PRODUCT_NAME = "$(TARGET_NAME)";
				RUNTIME_EXCEPTION_ALLOW_DYLD_ENVIRONMENT_VARIABLES = NO;
				RUNTIME_EXCEPTION_ALLOW_JIT = NO;
				RUNTIME_EXCEPTION_ALLOW_UNSIGNED_EXECUTABLE_MEMORY = NO;
				RUNTIME_EXCEPTION_DEBUGGING_TOOL = NO;
				RUNTIME_EXCEPTION_DISABLE_EXECUTABLE_PAGE_PROTECTION = NO;
				RUNTIME_EXCEPTION_DISABLE_LIBRARY_VALIDATION = NO;
				SKIP_INSTALL = YES;
				SWIFT_APPROACHABLE_CONCURRENCY = YES;
				SWIFT_UPCOMING_FEATURE_MEMBER_IMPORT_VISIBILITY = YES;
				SWIFT_VERSION = 5.0;
			};
			name = Debug;
		};
		F06E45EB30042E6400E4C289 /* Release */ = {
			isa = XCBuildConfiguration;
			buildSettings = {
				AUTOMATION_APPLE_EVENTS = NO;
				"CODE_SIGN_IDENTITY[sdk=macosx*]" = "Apple Development";
				CODE_SIGN_STYLE = Automatic;
				DEVELOPMENT_TEAM = 7Z88K9GUU8;
				ENABLE_HARDENED_RUNTIME = YES;
				ENABLE_RESOURCE_ACCESS_AUDIO_INPUT = NO;
				ENABLE_RESOURCE_ACCESS_CALENDARS = NO;
				ENABLE_RESOURCE_ACCESS_CAMERA = NO;
				ENABLE_RESOURCE_ACCESS_CONTACTS = NO;
				ENABLE_RESOURCE_ACCESS_LOCATION = NO;
				ENABLE_RESOURCE_ACCESS_PHOTO_LIBRARY = NO;
				MACOSX_DEPLOYMENT_TARGET = 12.0;
				PRODUCT_BUNDLE_IDENTIFIER = theoderoy.DeboogeyLoupe;
				PRODUCT_NAME = "$(TARGET_NAME)";
				RUNTIME_EXCEPTION_ALLOW_DYLD_ENVIRONMENT_VARIABLES = NO;
				RUNTIME_EXCEPTION_ALLOW_JIT = NO;
				RUNTIME_EXCEPTION_ALLOW_UNSIGNED_EXECUTABLE_MEMORY = NO;
				RUNTIME_EXCEPTION_DEBUGGING_TOOL = NO;
				RUNTIME_EXCEPTION_DISABLE_EXECUTABLE_PAGE_PROTECTION = NO;
				RUNTIME_EXCEPTION_DISABLE_LIBRARY_VALIDATION = NO;
				SKIP_INSTALL = YES;
				SWIFT_APPROACHABLE_CONCURRENCY = YES;
				SWIFT_UPCOMING_FEATURE_MEMBER_IMPORT_VISIBILITY = YES;
				SWIFT_VERSION = 5.0;
			};
			name = Release;
		};
		F07EDA8B2E9CC3B300AE8D4A /* Debug */ = {
			isa = XCBuildConfiguration;
			buildSettings = {
				ALWAYS_SEARCH_USER_PATHS = NO;
				ASSETCATALOG_COMPILER_GENERATE_SWIFT_ASSET_SYMBOL_EXTENSIONS = YES;
				CLANG_ANALYZER_NONNULL = YES;
				CLANG_ANALYZER_NUMBER_OBJECT_CONVERSION = YES_AGGRESSIVE;
				CLANG_CXX_LANGUAGE_STANDARD = "gnu++20";
				CLANG_ENABLE_MODULES = YES;
				CLANG_ENABLE_OBJC_ARC = YES;
				CLANG_ENABLE_OBJC_WEAK = YES;
				CLANG_WARN_BLOCK_CAPTURE_AUTORELEASING = YES;
				CLANG_WARN_BOOL_CONVERSION = YES;
				CLANG_WARN_COMMA = YES;
				CLANG_WARN_CONSTANT_CONVERSION = YES;
				CLANG_WARN_DEPRECATED_OBJC_IMPLEMENTATIONS = YES;
				CLANG_WARN_DIRECT_OBJC_ISA_USAGE = YES_ERROR;
				CLANG_WARN_DOCUMENTATION_COMMENTS = YES;
				CLANG_WARN_EMPTY_BODY = YES;
				CLANG_WARN_ENUM_CONVERSION = YES;
				CLANG_WARN_INFINITE_RECURSION = YES;
				CLANG_WARN_INT_CONVERSION = YES;
				CLANG_WARN_NON_LITERAL_NULL_CONVERSION = YES;
				CLANG_WARN_OBJC_IMPLICIT_RETAIN_SELF = YES;
				CLANG_WARN_OBJC_LITERAL_CONVERSION = YES;
				CLANG_WARN_OBJC_ROOT_CLASS = YES_ERROR;
				CLANG_WARN_QUOTED_INCLUDE_IN_FRAMEWORK_HEADER = YES;
				CLANG_WARN_RANGE_LOOP_ANALYSIS = YES;
				CLANG_WARN_STRICT_PROTOTYPES = YES;
				CLANG_WARN_SUSPICIOUS_MOVE = YES;
				CLANG_WARN_UNGUARDED_AVAILABILITY = YES_AGGRESSIVE;
				CLANG_WARN_UNREACHABLE_CODE = YES;
				CLANG_WARN__DUPLICATE_METHOD_MATCH = YES;
				COPY_PHASE_STRIP = NO;
				DEBUG_INFORMATION_FORMAT = dwarf;
				ENABLE_STRICT_OBJC_MSGSEND = YES;
				ENABLE_TESTABILITY = YES;
				ENABLE_USER_SCRIPT_SANDBOXING = YES;
				GCC_C_LANGUAGE_STANDARD = gnu17;
				GCC_DYNAMIC_NO_PIC = NO;
				GCC_NO_COMMON_BLOCKS = YES;
				GCC_OPTIMIZATION_LEVEL = 0;
				GCC_PREPROCESSOR_DEFINITIONS = (
					"DEBUG=1",
					"$(inherited)",
				);
				GCC_WARN_64_TO_32_BIT_CONVERSION = YES;
				GCC_WARN_ABOUT_RETURN_TYPE = YES_ERROR;
				GCC_WARN_UNDECLARED_SELECTOR = YES;
				GCC_WARN_UNINITIALIZED_AUTOS = YES_AGGRESSIVE;
				GCC_WARN_UNUSED_FUNCTION = YES;
				GCC_WARN_UNUSED_VARIABLE = YES;
				LOCALIZATION_PREFERS_STRING_CATALOGS = YES;
				MACOSX_DEPLOYMENT_TARGET = 12.0;
				MTL_ENABLE_DEBUG_INFO = INCLUDE_SOURCE;
				MTL_FAST_MATH = YES;
				ONLY_ACTIVE_ARCH = YES;
				SDKROOT = macosx;
				SWIFT_ACTIVE_COMPILATION_CONDITIONS = "DEBUG $(inherited)";
				SWIFT_OPTIMIZATION_LEVEL = "-Onone";
			};
			name = Debug;
		};
		F07EDA8C2E9CC3B300AE8D4A /* Release */ = {
			isa = XCBuildConfiguration;
			buildSettings = {
				ALWAYS_SEARCH_USER_PATHS = NO;
				ASSETCATALOG_COMPILER_GENERATE_SWIFT_ASSET_SYMBOL_EXTENSIONS = YES;
				CLANG_ANALYZER_NONNULL = YES;
				CLANG_ANALYZER_NUMBER_OBJECT_CONVERSION = YES_AGGRESSIVE;
				CLANG_CXX_LANGUAGE_STANDARD = "gnu++20";
				CLANG_ENABLE_MODULES = YES;
				CLANG_ENABLE_OBJC_ARC = YES;
				CLANG_ENABLE_OBJC_WEAK = YES;
				CLANG_WARN_BLOCK_CAPTURE_AUTORELEASING = YES;
				CLANG_WARN_BOOL_CONVERSION = YES;
				CLANG_WARN_COMMA = YES;
				CLANG_WARN_CONSTANT_CONVERSION = YES;
				CLANG_WARN_DEPRECATED_OBJC_IMPLEMENTATIONS = YES;
				CLANG_WARN_DIRECT_OBJC_ISA_USAGE = YES_ERROR;
				CLANG_WARN_DOCUMENTATION_COMMENTS = YES;
				CLANG_WARN_EMPTY_BODY = YES;
				CLANG_WARN_ENUM_CONVERSION = YES;
				CLANG_WARN_INFINITE_RECURSION = YES;
				CLANG_WARN_INT_CONVERSION = YES;
				CLANG_WARN_NON_LITERAL_NULL_CONVERSION = YES;
				CLANG_WARN_OBJC_IMPLICIT_RETAIN_SELF = YES;
				CLANG_WARN_OBJC_LITERAL_CONVERSION = YES;
				CLANG_WARN_OBJC_ROOT_CLASS = YES_ERROR;
				CLANG_WARN_QUOTED_INCLUDE_IN_FRAMEWORK_HEADER = YES;
				CLANG_WARN_RANGE_LOOP_ANALYSIS = YES;
				CLANG_WARN_STRICT_PROTOTYPES = YES;
				CLANG_WARN_SUSPICIOUS_MOVE = YES;
				CLANG_WARN_UNGUARDED_AVAILABILITY = YES_AGGRESSIVE;
				CLANG_WARN_UNREACHABLE_CODE = YES;
				CLANG_WARN__DUPLICATE_METHOD_MATCH = YES;
				COPY_PHASE_STRIP = NO;
				DEBUG_INFORMATION_FORMAT = "dwarf-with-dsym";
				ENABLE_NS_ASSERTIONS = NO;
				ENABLE_STRICT_OBJC_MSGSEND = YES;
				ENABLE_USER_SCRIPT_SANDBOXING = YES;
				GCC_C_LANGUAGE_STANDARD = gnu17;
				GCC_NO_COMMON_BLOCKS = YES;
				GCC_WARN_64_TO_32_BIT_CONVERSION = YES;
				GCC_WARN_ABOUT_RETURN_TYPE = YES_ERROR;
				GCC_WARN_UNDECLARED_SELECTOR = YES;
				GCC_WARN_UNINITIALIZED_AUTOS = YES_AGGRESSIVE;
				GCC_WARN_UNUSED_FUNCTION = YES;
				GCC_WARN_UNUSED_VARIABLE = YES;
				LOCALIZATION_PREFERS_STRING_CATALOGS = YES;
				MACOSX_DEPLOYMENT_TARGET = 12.0;
				MTL_ENABLE_DEBUG_INFO = NO;
				MTL_FAST_MATH = YES;
				SDKROOT = macosx;
				SWIFT_COMPILATION_MODE = wholemodule;
			};
			name = Release;
		};
		F07EDA8E2E9CC3B300AE8D4A /* Debug */ = {
			isa = XCBuildConfiguration;
			buildSettings = {
				APP_BUNDLE_DISPLAY_NAME = DeboogeyClient;
				APP_BUNDLE_NAME = DeboogeyClient;
				ASSETCATALOG_COMPILER_APPICON_NAME = AppIcon;
				ASSETCATALOG_COMPILER_GLOBAL_ACCENT_COLOR_NAME = AccentColor;
				AUTOMATION_APPLE_EVENTS = NO;
				"CODE_SIGN_IDENTITY[sdk=macosx*]" = "-";
				CODE_SIGN_STYLE = Automatic;
				COMBINE_HIDPI_IMAGES = YES;
				CURRENT_PROJECT_VERSION = 21;
				DEVELOPMENT_TEAM = "";
				ENABLE_APP_SANDBOX = NO;
				ENABLE_HARDENED_RUNTIME = YES;
				ENABLE_PREVIEWS = YES;
				ENABLE_RESOURCE_ACCESS_PHOTO_LIBRARY = NO;
				ENABLE_USER_SCRIPT_SANDBOXING = NO;
				GENERATE_INFOPLIST_FILE = NO;
				INFOPLIST_FILE = "Config/DeboogeyClient-Info.plist";
				INFOPLIST_KEY_CFBundleDisplayName = Deboogey;
				LD_RUNPATH_SEARCH_PATHS = (
					"$(inherited)",
					"@executable_path/../Frameworks",
				);
				MACOSX_DEPLOYMENT_TARGET = 12.0;
				MARKETING_VERSION = Internal;
				PRODUCT_BUNDLE_IDENTIFIER = theoderoy.DeboogeyClient;
				PRODUCT_NAME = DeboogeyClient;
				REGISTER_APP_GROUPS = YES;
				RUNTIME_EXCEPTION_ALLOW_DYLD_ENVIRONMENT_VARIABLES = NO;
				RUNTIME_EXCEPTION_ALLOW_JIT = NO;
				RUNTIME_EXCEPTION_ALLOW_UNSIGNED_EXECUTABLE_MEMORY = NO;
				RUNTIME_EXCEPTION_DEBUGGING_TOOL = YES;
				RUNTIME_EXCEPTION_DISABLE_EXECUTABLE_PAGE_PROTECTION = NO;
				RUNTIME_EXCEPTION_DISABLE_LIBRARY_VALIDATION = NO;
				SKIP_INSTALL = NO;
				STRING_CATALOG_GENERATE_SYMBOLS = YES;
				SWIFT_APPROACHABLE_CONCURRENCY = YES;
				SWIFT_DEFAULT_ACTOR_ISOLATION = MainActor;
				SWIFT_EMIT_LOC_STRINGS = YES;
				SWIFT_UPCOMING_FEATURE_MEMBER_IMPORT_VISIBILITY = YES;
				SWIFT_VERSION = 5.0;
			};
			name = Debug;
		};
		F07EDA8F2E9CC3B300AE8D4A /* Release */ = {
			isa = XCBuildConfiguration;
			buildSettings = {
				APP_BUNDLE_DISPLAY_NAME = Deboogey;
				APP_BUNDLE_NAME = Deboogey;
				ASSETCATALOG_COMPILER_APPICON_NAME = AppIcon;
				ASSETCATALOG_COMPILER_GLOBAL_ACCENT_COLOR_NAME = AccentColor;
				AUTOMATION_APPLE_EVENTS = NO;
				"CODE_SIGN_IDENTITY[sdk=macosx*]" = "Apple Development";
				CODE_SIGN_STYLE = Automatic;
				COMBINE_HIDPI_IMAGES = YES;
				CURRENT_PROJECT_VERSION = 21;
				DEVELOPMENT_TEAM = 7Z88K9GUU8;
				ENABLE_APP_SANDBOX = NO;
				ENABLE_HARDENED_RUNTIME = YES;
				ENABLE_PREVIEWS = YES;
				ENABLE_RESOURCE_ACCESS_PHOTO_LIBRARY = NO;
				ENABLE_USER_SCRIPT_SANDBOXING = NO;
				GENERATE_INFOPLIST_FILE = NO;
				INFOPLIST_FILE = "Config/DeboogeyClient-Info.plist";
				INFOPLIST_KEY_CFBundleDisplayName = Deboogey;
				LD_RUNPATH_SEARCH_PATHS = (
					"$(inherited)",
					"@executable_path/../Frameworks",
				);
				MACOSX_DEPLOYMENT_TARGET = 12.0;
				MARKETING_VERSION = Internal;
				PRODUCT_BUNDLE_IDENTIFIER = theoderoy.Deboogey;
				PRODUCT_MODULE_NAME = DeboogeyClient;
				PRODUCT_NAME = Deboogey;
				REGISTER_APP_GROUPS = YES;
				RUNTIME_EXCEPTION_ALLOW_DYLD_ENVIRONMENT_VARIABLES = NO;
				RUNTIME_EXCEPTION_ALLOW_JIT = NO;
				RUNTIME_EXCEPTION_ALLOW_UNSIGNED_EXECUTABLE_MEMORY = NO;
				RUNTIME_EXCEPTION_DEBUGGING_TOOL = YES;
				RUNTIME_EXCEPTION_DISABLE_EXECUTABLE_PAGE_PROTECTION = NO;
				RUNTIME_EXCEPTION_DISABLE_LIBRARY_VALIDATION = NO;
				SKIP_INSTALL = NO;
				STRING_CATALOG_GENERATE_SYMBOLS = YES;
				SWIFT_APPROACHABLE_CONCURRENCY = YES;
				SWIFT_DEFAULT_ACTOR_ISOLATION = MainActor;
				SWIFT_EMIT_LOC_STRINGS = YES;
				SWIFT_UPCOMING_FEATURE_MEMBER_IMPORT_VISIBILITY = YES;
				SWIFT_VERSION = 5.0;
			};
			name = Release;
		};
		F07EDA992E9CC69200AE8D4A /* Debug */ = {
			isa = XCBuildConfiguration;
			buildSettings = {
				AUTOMATION_APPLE_EVENTS = NO;
				"CODE_SIGN_IDENTITY[sdk=macosx*]" = "Apple Development";
				CODE_SIGN_STYLE = Automatic;
				DEVELOPMENT_TEAM = 7Z88K9GUU8;
				ENABLE_HARDENED_RUNTIME = NO;
				ENABLE_RESOURCE_ACCESS_AUDIO_INPUT = NO;
				ENABLE_RESOURCE_ACCESS_CALENDARS = NO;
				ENABLE_RESOURCE_ACCESS_CAMERA = NO;
				ENABLE_RESOURCE_ACCESS_CONTACTS = NO;
				ENABLE_RESOURCE_ACCESS_LOCATION = NO;
				ENABLE_RESOURCE_ACCESS_PHOTO_LIBRARY = NO;
				MACOSX_DEPLOYMENT_TARGET = 12.0;
				PRODUCT_BUNDLE_IDENTIFIER = theoderoy.DeboogeySDHelper;
				PRODUCT_NAME = "$(TARGET_NAME)";
				RUNTIME_EXCEPTION_ALLOW_DYLD_ENVIRONMENT_VARIABLES = NO;
				RUNTIME_EXCEPTION_ALLOW_JIT = NO;
				RUNTIME_EXCEPTION_ALLOW_UNSIGNED_EXECUTABLE_MEMORY = NO;
				RUNTIME_EXCEPTION_DEBUGGING_TOOL = NO;
				RUNTIME_EXCEPTION_DISABLE_EXECUTABLE_PAGE_PROTECTION = NO;
				RUNTIME_EXCEPTION_DISABLE_LIBRARY_VALIDATION = NO;
				SKIP_INSTALL = YES;
				SWIFT_APPROACHABLE_CONCURRENCY = YES;
				SWIFT_UPCOMING_FEATURE_MEMBER_IMPORT_VISIBILITY = YES;
				SWIFT_VERSION = 5.0;
			};
			name = Debug;
		};
		F07EDA9A2E9CC69200AE8D4A /* Release */ = {
			isa = XCBuildConfiguration;
			buildSettings = {
				AUTOMATION_APPLE_EVENTS = NO;
				"CODE_SIGN_IDENTITY[sdk=macosx*]" = "Apple Development";
				CODE_SIGN_STYLE = Automatic;
				DEVELOPMENT_TEAM = 7Z88K9GUU8;
				ENABLE_HARDENED_RUNTIME = YES;
				ENABLE_RESOURCE_ACCESS_AUDIO_INPUT = NO;
				ENABLE_RESOURCE_ACCESS_CALENDARS = NO;
				ENABLE_RESOURCE_ACCESS_CAMERA = NO;
				ENABLE_RESOURCE_ACCESS_CONTACTS = NO;
				ENABLE_RESOURCE_ACCESS_LOCATION = NO;
				ENABLE_RESOURCE_ACCESS_PHOTO_LIBRARY = NO;
				MACOSX_DEPLOYMENT_TARGET = 12.0;
				PRODUCT_BUNDLE_IDENTIFIER = theoderoy.DeboogeySDHelper;
				PRODUCT_NAME = "$(TARGET_NAME)";
				RUNTIME_EXCEPTION_ALLOW_DYLD_ENVIRONMENT_VARIABLES = NO;
				RUNTIME_EXCEPTION_ALLOW_JIT = NO;
				RUNTIME_EXCEPTION_ALLOW_UNSIGNED_EXECUTABLE_MEMORY = NO;
				RUNTIME_EXCEPTION_DEBUGGING_TOOL = NO;
				RUNTIME_EXCEPTION_DISABLE_EXECUTABLE_PAGE_PROTECTION = NO;
				RUNTIME_EXCEPTION_DISABLE_LIBRARY_VALIDATION = NO;
				SKIP_INSTALL = YES;
				SWIFT_APPROACHABLE_CONCURRENCY = YES;
				SWIFT_UPCOMING_FEATURE_MEMBER_IMPORT_VISIBILITY = YES;
				SWIFT_VERSION = 5.0;
			};
			name = Release;
		};
		F0ACE0153021B00000ACE001 /* Debug */ = {
			isa = XCBuildConfiguration;
			buildSettings = {
				AUTOMATION_APPLE_EVENTS = NO;
				CODE_SIGN_ENTITLEMENTS = Config/DeboogeyLoupeMCE.entitlements;
				CODE_SIGN_IDENTITY = "-";
				"CODE_SIGN_IDENTITY[sdk=macosx*]" = "Apple Development";
				CODE_SIGN_STYLE = Automatic;
				DEVELOPMENT_TEAM = 7Z88K9GUU8;
				ENABLE_APP_SANDBOX = YES;
				ENABLE_HARDENED_RUNTIME = YES;
				MACOSX_DEPLOYMENT_TARGET = 12.0;
				PRODUCT_BUNDLE_IDENTIFIER = theoderoy.DeboogeyLoupeMCE;
				PRODUCT_NAME = DeboogeyLoupeMCE;
				RUNTIME_EXCEPTION_ALLOW_DYLD_ENVIRONMENT_VARIABLES = NO;
				RUNTIME_EXCEPTION_ALLOW_JIT = NO;
				RUNTIME_EXCEPTION_ALLOW_UNSIGNED_EXECUTABLE_MEMORY = NO;
				RUNTIME_EXCEPTION_DEBUGGING_TOOL = NO;
				RUNTIME_EXCEPTION_DISABLE_EXECUTABLE_PAGE_PROTECTION = NO;
				RUNTIME_EXCEPTION_DISABLE_LIBRARY_VALIDATION = NO;
				SKIP_INSTALL = YES;
				SWIFT_ACTIVE_COMPILATION_CONDITIONS = "DEBUG DEBOOGEY_MCE $(inherited)";
				SWIFT_APPROACHABLE_CONCURRENCY = YES;
				SWIFT_UPCOMING_FEATURE_MEMBER_IMPORT_VISIBILITY = YES;
				SWIFT_VERSION = 5.0;
			};
			name = Debug;
		};
		F0ACE0163021B00000ACE001 /* Release */ = {
			isa = XCBuildConfiguration;
			buildSettings = {
				AUTOMATION_APPLE_EVENTS = NO;
				CODE_SIGN_ENTITLEMENTS = Config/DeboogeyLoupeMCE.entitlements;
				CODE_SIGN_IDENTITY = "-";
				"CODE_SIGN_IDENTITY[sdk=macosx*]" = "Apple Development";
				CODE_SIGN_STYLE = Automatic;
				DEVELOPMENT_TEAM = 7Z88K9GUU8;
				ENABLE_APP_SANDBOX = YES;
				ENABLE_HARDENED_RUNTIME = YES;
				MACOSX_DEPLOYMENT_TARGET = 12.0;
				PRODUCT_BUNDLE_IDENTIFIER = theoderoy.DeboogeyLoupeMCE;
				PRODUCT_NAME = DeboogeyLoupeMCE;
				RUNTIME_EXCEPTION_ALLOW_DYLD_ENVIRONMENT_VARIABLES = NO;
				RUNTIME_EXCEPTION_ALLOW_JIT = NO;
				RUNTIME_EXCEPTION_ALLOW_UNSIGNED_EXECUTABLE_MEMORY = NO;
				RUNTIME_EXCEPTION_DEBUGGING_TOOL = NO;
				RUNTIME_EXCEPTION_DISABLE_EXECUTABLE_PAGE_PROTECTION = NO;
				RUNTIME_EXCEPTION_DISABLE_LIBRARY_VALIDATION = NO;
				SKIP_INSTALL = YES;
				SWIFT_ACTIVE_COMPILATION_CONDITIONS = "DEBOOGEY_MCE $(inherited)";
				SWIFT_APPROACHABLE_CONCURRENCY = YES;
				SWIFT_UPCOMING_FEATURE_MEMBER_IMPORT_VISIBILITY = YES;
				SWIFT_VERSION = 5.0;
			};
			name = Release;
		};
		F0ACE0173021B00000ACE001 /* Debug */ = {
			isa = XCBuildConfiguration;
			buildSettings = {
				APP_BUNDLE_DISPLAY_NAME = Deboogey;
				APP_BUNDLE_NAME = Deboogey;
				APP_COPYRIGHT = "Copyright © 2026 Théo De Roy. All rights reserved.";
				ASSETCATALOG_COMPILER_APPICON_NAME = AppIconOld;
				ASSETCATALOG_COMPILER_GLOBAL_ACCENT_COLOR_NAME = AccentColor;
				AUTOMATION_APPLE_EVENTS = NO;
				CODE_SIGN_ENTITLEMENTS = Config/DeboogeyClientMCE.entitlements;
				CODE_SIGN_IDENTITY = "-";
				"CODE_SIGN_IDENTITY[sdk=macosx*]" = "Apple Development";
				CODE_SIGN_STYLE = Automatic;
				COMBINE_HIDPI_IMAGES = YES;
				DEBOOGEY_EDITION = "Marketplace Candidate Edition";
				DEVELOPMENT_TEAM = 7Z88K9GUU8;
				ENABLE_APP_SANDBOX = YES;
				ENABLE_HARDENED_RUNTIME = YES;
				ENABLE_PREVIEWS = YES;
				ENABLE_USER_SCRIPT_SANDBOXING = YES;
				GENERATE_INFOPLIST_FILE = NO;
				INFOPLIST_FILE = "Config/DeboogeyClientMCE-Info.plist";
				INFOPLIST_KEY_CFBundleDisplayName = "Deboogey (Marketplace Candidate Edition)";
				LD_RUNPATH_SEARCH_PATHS = (
					"$(inherited)",
					"@executable_path/../Frameworks",
				);
				MACOSX_DEPLOYMENT_TARGET = 12.0;
				PRODUCT_BUNDLE_IDENTIFIER = theoderoy.Deboogey.MCE;
				PRODUCT_MODULE_NAME = DeboogeyClientMCE;
				PRODUCT_NAME = Deboogey;
				RUNTIME_EXCEPTION_ALLOW_DYLD_ENVIRONMENT_VARIABLES = NO;
				RUNTIME_EXCEPTION_ALLOW_JIT = NO;
				RUNTIME_EXCEPTION_ALLOW_UNSIGNED_EXECUTABLE_MEMORY = NO;
				RUNTIME_EXCEPTION_DEBUGGING_TOOL = NO;
				RUNTIME_EXCEPTION_DISABLE_EXECUTABLE_PAGE_PROTECTION = NO;
				RUNTIME_EXCEPTION_DISABLE_LIBRARY_VALIDATION = NO;
				SKIP_INSTALL = NO;
				SWIFT_ACTIVE_COMPILATION_CONDITIONS = "DEBUG DEBOOGEY_MCE $(inherited)";
				SWIFT_APPROACHABLE_CONCURRENCY = YES;
				SWIFT_DEFAULT_ACTOR_ISOLATION = MainActor;
				SWIFT_EMIT_LOC_STRINGS = YES;
				SWIFT_UPCOMING_FEATURE_MEMBER_IMPORT_VISIBILITY = YES;
				SWIFT_VERSION = 5.0;
			};
			name = Debug;
		};
		F0ACE0183021B00000ACE001 /* Release */ = {
			isa = XCBuildConfiguration;
			buildSettings = {
				APP_BUNDLE_DISPLAY_NAME = Deboogey;
				APP_BUNDLE_NAME = Deboogey;
				APP_COPYRIGHT = "Copyright © 2026 Théo De Roy. All rights reserved.";
				ASSETCATALOG_COMPILER_APPICON_NAME = AppIconOld;
				ASSETCATALOG_COMPILER_GLOBAL_ACCENT_COLOR_NAME = AccentColor;
				AUTOMATION_APPLE_EVENTS = NO;
				CODE_SIGN_ENTITLEMENTS = Config/DeboogeyClientMCE.entitlements;
				CODE_SIGN_IDENTITY = "-";
				"CODE_SIGN_IDENTITY[sdk=macosx*]" = "Apple Development";
				CODE_SIGN_STYLE = Automatic;
				COMBINE_HIDPI_IMAGES = YES;
				DEBOOGEY_EDITION = "Marketplace Candidate Edition";
				DEVELOPMENT_TEAM = 7Z88K9GUU8;
				ENABLE_APP_SANDBOX = YES;
				ENABLE_HARDENED_RUNTIME = YES;
				ENABLE_PREVIEWS = YES;
				ENABLE_USER_SCRIPT_SANDBOXING = YES;
				GENERATE_INFOPLIST_FILE = NO;
				INFOPLIST_FILE = "Config/DeboogeyClientMCE-Info.plist";
				INFOPLIST_KEY_CFBundleDisplayName = "Deboogey (Marketplace Candidate Edition)";
				LD_RUNPATH_SEARCH_PATHS = (
					"$(inherited)",
					"@executable_path/../Frameworks",
				);
				MACOSX_DEPLOYMENT_TARGET = 12.0;
				PRODUCT_BUNDLE_IDENTIFIER = theoderoy.Deboogey.MCE;
				PRODUCT_MODULE_NAME = DeboogeyClientMCE;
				PRODUCT_NAME = Deboogey;
				RUNTIME_EXCEPTION_ALLOW_DYLD_ENVIRONMENT_VARIABLES = NO;
				RUNTIME_EXCEPTION_ALLOW_JIT = NO;
				RUNTIME_EXCEPTION_ALLOW_UNSIGNED_EXECUTABLE_MEMORY = NO;
				RUNTIME_EXCEPTION_DEBUGGING_TOOL = NO;
				RUNTIME_EXCEPTION_DISABLE_EXECUTABLE_PAGE_PROTECTION = NO;
				RUNTIME_EXCEPTION_DISABLE_LIBRARY_VALIDATION = NO;
				SKIP_INSTALL = NO;
				SWIFT_ACTIVE_COMPILATION_CONDITIONS = "DEBOOGEY_MCE $(inherited)";
				SWIFT_APPROACHABLE_CONCURRENCY = YES;
				SWIFT_DEFAULT_ACTOR_ISOLATION = MainActor;
				SWIFT_EMIT_LOC_STRINGS = YES;
				SWIFT_UPCOMING_FEATURE_MEMBER_IMPORT_VISIBILITY = YES;
				SWIFT_VERSION = 5.0;
			};
			name = Release;
		};
		F0CD000B3021C00000CD000B /* Debug */ = {
			isa = XCBuildConfiguration;
			buildSettings = {
				AUTOMATION_APPLE_EVENTS = NO;
				CODE_SIGN_ENTITLEMENTS = Config/DeboogeyCDMHelperMCE.entitlements;
				CODE_SIGN_IDENTITY = "-";
				"CODE_SIGN_IDENTITY[sdk=macosx*]" = "Apple Development";
				CODE_SIGN_STYLE = Automatic;
				DEVELOPMENT_TEAM = 7Z88K9GUU8;
				ENABLE_APP_SANDBOX = YES;
				ENABLE_HARDENED_RUNTIME = YES;
				MACOSX_DEPLOYMENT_TARGET = 12.0;
				PRODUCT_BUNDLE_IDENTIFIER = theoderoy.DeboogeyCDMHelperMCE;
				PRODUCT_NAME = DeboogeyCDMHelperMCE;
				RUNTIME_EXCEPTION_ALLOW_DYLD_ENVIRONMENT_VARIABLES = NO;
				RUNTIME_EXCEPTION_ALLOW_JIT = NO;
				RUNTIME_EXCEPTION_ALLOW_UNSIGNED_EXECUTABLE_MEMORY = NO;
				RUNTIME_EXCEPTION_DEBUGGING_TOOL = NO;
				RUNTIME_EXCEPTION_DISABLE_EXECUTABLE_PAGE_PROTECTION = NO;
				RUNTIME_EXCEPTION_DISABLE_LIBRARY_VALIDATION = NO;
				SKIP_INSTALL = YES;
				SWIFT_ACTIVE_COMPILATION_CONDITIONS = "DEBUG DEBOOGEY_MCE $(inherited)";
				SWIFT_APPROACHABLE_CONCURRENCY = YES;
				SWIFT_UPCOMING_FEATURE_MEMBER_IMPORT_VISIBILITY = YES;
				SWIFT_VERSION = 5.0;
			};
			name = Debug;
		};
		F0CD000C3021C00000CD000C /* Release */ = {
			isa = XCBuildConfiguration;
			buildSettings = {
				AUTOMATION_APPLE_EVENTS = NO;
				CODE_SIGN_ENTITLEMENTS = Config/DeboogeyCDMHelperMCE.entitlements;
				CODE_SIGN_IDENTITY = "-";
				"CODE_SIGN_IDENTITY[sdk=macosx*]" = "Apple Development";
				CODE_SIGN_STYLE = Automatic;
				DEVELOPMENT_TEAM = 7Z88K9GUU8;
				ENABLE_APP_SANDBOX = YES;
				ENABLE_HARDENED_RUNTIME = YES;
				MACOSX_DEPLOYMENT_TARGET = 12.0;
				PRODUCT_BUNDLE_IDENTIFIER = theoderoy.DeboogeyCDMHelperMCE;
				PRODUCT_NAME = DeboogeyCDMHelperMCE;
				RUNTIME_EXCEPTION_ALLOW_DYLD_ENVIRONMENT_VARIABLES = NO;
				RUNTIME_EXCEPTION_ALLOW_JIT = NO;
				RUNTIME_EXCEPTION_ALLOW_UNSIGNED_EXECUTABLE_MEMORY = NO;
				RUNTIME_EXCEPTION_DEBUGGING_TOOL = NO;
				RUNTIME_EXCEPTION_DISABLE_EXECUTABLE_PAGE_PROTECTION = NO;
				RUNTIME_EXCEPTION_DISABLE_LIBRARY_VALIDATION = NO;
				SKIP_INSTALL = YES;
				SWIFT_ACTIVE_COMPILATION_CONDITIONS = "DEBOOGEY_MCE $(inherited)";
				SWIFT_APPROACHABLE_CONCURRENCY = YES;
				SWIFT_UPCOMING_FEATURE_MEMBER_IMPORT_VISIBILITY = YES;
				SWIFT_VERSION = 5.0;
			};
			name = Release;
		};
/* End XCBuildConfiguration section */

/* Begin XCConfigurationList section */
		F05C72332E9D687A00C13AEC /* Build configuration list for PBXNativeTarget "DeboogeyCDMHelper" */ = {
			isa = XCConfigurationList;
			buildConfigurations = (
				F05C72312E9D687A00C13AEC /* Debug */,
				F05C72322E9D687A00C13AEC /* Release */,
			);
			defaultConfigurationIsVisible = 0;
			defaultConfigurationName = Release;
		};
		F06E45E930042E6400E4C289 /* Build configuration list for PBXNativeTarget "DeboogeyLoupe" */ = {
			isa = XCConfigurationList;
			buildConfigurations = (
				F06E45EA30042E6400E4C289 /* Debug */,
				F06E45EB30042E6400E4C289 /* Release */,
			);
			defaultConfigurationIsVisible = 0;
			defaultConfigurationName = Release;
		};
		F07EDA7D2E9CC3B200AE8D4A /* Build configuration list for PBXProject "Deboogey" */ = {
			isa = XCConfigurationList;
			buildConfigurations = (
				F07EDA8B2E9CC3B300AE8D4A /* Debug */,
				F07EDA8C2E9CC3B300AE8D4A /* Release */,
			);
			defaultConfigurationIsVisible = 0;
			defaultConfigurationName = Release;
		};
		F07EDA8D2E9CC3B300AE8D4A /* Build configuration list for PBXNativeTarget "DeboogeyClient" */ = {
			isa = XCConfigurationList;
			buildConfigurations = (
				F07EDA8E2E9CC3B300AE8D4A /* Debug */,
				F07EDA8F2E9CC3B300AE8D4A /* Release */,
			);
			defaultConfigurationIsVisible = 0;
			defaultConfigurationName = Release;
		};
		F07EDA982E9CC69200AE8D4A /* Build configuration list for PBXNativeTarget "DeboogeySDHelper" */ = {
			isa = XCConfigurationList;
			buildConfigurations = (
				F07EDA992E9CC69200AE8D4A /* Debug */,
				F07EDA9A2E9CC69200AE8D4A /* Release */,
			);
			defaultConfigurationIsVisible = 0;
			defaultConfigurationName = Release;
		};
		F0ACE00F3021B00000ACE001 /* Build configuration list for PBXNativeTarget "DeboogeyLoupeMCE" */ = {
			isa = XCConfigurationList;
			buildConfigurations = (
				F0ACE0153021B00000ACE001 /* Debug */,
				F0ACE0163021B00000ACE001 /* Release */,
			);
			defaultConfigurationIsVisible = 0;
			defaultConfigurationName = Release;
		};
		F0ACE0113021B00000ACE001 /* Build configuration list for PBXNativeTarget "DeboogeyClientMCE" */ = {
			isa = XCConfigurationList;
			buildConfigurations = (
				F0ACE0173021B00000ACE001 /* Debug */,
				F0ACE0183021B00000ACE001 /* Release */,
			);
			defaultConfigurationIsVisible = 0;
			defaultConfigurationName = Release;
		};
		F0CD000D3021C00000CD000D /* Build configuration list for PBXNativeTarget "DeboogeyCDMHelperMCE" */ = {
			isa = XCConfigurationList;
			buildConfigurations = (
				F0CD000B3021C00000CD000B /* Debug */,
				F0CD000C3021C00000CD000C /* Release */,
			);
			defaultConfigurationIsVisible = 0;
			defaultConfigurationName = Release;
		};
/* End XCConfigurationList section */
	};
	rootObject = F07EDA7A2E9CC3B200AE8D4A /* Project object */;
}
